// !$*UTF8*$!
{
	archiveVersion = 1;
	classes = {
	};
	objectVersion = 46;
	objects = {

/* Begin PBXBuildFile section */
		B5A223139A374D96BA60751C /* libPods.a in Frameworks */ = {isa = PBXBuildFile; fileRef = 9DD1FB92C88941D1A0300BAD /* libPods.a */; };
		FD18E5B5183A1004005D2D41 /* TCGuideViewController.m in Sources */ = {isa = PBXBuildFile; fileRef = FD18E5B4183A1004005D2D41 /* TCGuideViewController.m */; };
		FD18E5B6183A1004005D2D41 /* TCGuideViewController.m in Sources */ = {isa = PBXBuildFile; fileRef = FD18E5B4183A1004005D2D41 /* TCGuideViewController.m */; };
		FD18E5BB183A51A6005D2D41 /* TCLoginViewController.m in Sources */ = {isa = PBXBuildFile; fileRef = FD18E5BA183A51A6005D2D41 /* TCLoginViewController.m */; };
		FD18E5BC183A51A6005D2D41 /* TCLoginViewController.m in Sources */ = {isa = PBXBuildFile; fileRef = FD18E5BA183A51A6005D2D41 /* TCLoginViewController.m */; };
		FD18E5BF183A51CA005D2D41 /* TCRegisterViewController.m in Sources */ = {isa = PBXBuildFile; fileRef = FD18E5BE183A51CA005D2D41 /* TCRegisterViewController.m */; };
		FD18E5C0183A51CA005D2D41 /* TCRegisterViewController.m in Sources */ = {isa = PBXBuildFile; fileRef = FD18E5BE183A51CA005D2D41 /* TCRegisterViewController.m */; };
		FD18E5C4183A5217005D2D41 /* TCCapsuleViewController.m in Sources */ = {isa = PBXBuildFile; fileRef = FD18E5C3183A5217005D2D41 /* TCCapsuleViewController.m */; };
		FD18E5C5183A5217005D2D41 /* TCCapsuleViewController.m in Sources */ = {isa = PBXBuildFile; fileRef = FD18E5C3183A5217005D2D41 /* TCCapsuleViewController.m */; };
		FD18E5CE183A54A6005D2D41 /* TCViewCapsuleViewController.m in Sources */ = {isa = PBXBuildFile; fileRef = FD18E5CD183A54A6005D2D41 /* TCViewCapsuleViewController.m */; };
		FD18E5CF183A54A6005D2D41 /* TCViewCapsuleViewController.m in Sources */ = {isa = PBXBuildFile; fileRef = FD18E5CD183A54A6005D2D41 /* TCViewCapsuleViewController.m */; };
		FD18E5D2183A54B7005D2D41 /* TCChooseFriendViewController.m in Sources */ = {isa = PBXBuildFile; fileRef = FD18E5D1183A54B7005D2D41 /* TCChooseFriendViewController.m */; };
		FD18E5D3183A54B7005D2D41 /* TCChooseFriendViewController.m in Sources */ = {isa = PBXBuildFile; fileRef = FD18E5D1183A54B7005D2D41 /* TCChooseFriendViewController.m */; };
		FD18E5D6183A54CC005D2D41 /* TCCapsuleMakerViewController.m in Sources */ = {isa = PBXBuildFile; fileRef = FD18E5D5183A54CC005D2D41 /* TCCapsuleMakerViewController.m */; };
		FD18E5D7183A54CC005D2D41 /* TCCapsuleMakerViewController.m in Sources */ = {isa = PBXBuildFile; fileRef = FD18E5D5183A54CC005D2D41 /* TCCapsuleMakerViewController.m */; };
		FD18E5DA183A54D7005D2D41 /* TCSettingViewController.m in Sources */ = {isa = PBXBuildFile; fileRef = FD18E5D9183A54D7005D2D41 /* TCSettingViewController.m */; };
		FD18E5DB183A54D7005D2D41 /* TCSettingViewController.m in Sources */ = {isa = PBXBuildFile; fileRef = FD18E5D9183A54D7005D2D41 /* TCSettingViewController.m */; };
		FD18E5DE183A54E3005D2D41 /* TCMyCapsuleViewController.m in Sources */ = {isa = PBXBuildFile; fileRef = FD18E5DD183A54E3005D2D41 /* TCMyCapsuleViewController.m */; };
		FD18E5DF183A54E3005D2D41 /* TCMyCapsuleViewController.m in Sources */ = {isa = PBXBuildFile; fileRef = FD18E5DD183A54E3005D2D41 /* TCMyCapsuleViewController.m */; };
		FD18E5E2183A54F9005D2D41 /* TCFriendViewController.m in Sources */ = {isa = PBXBuildFile; fileRef = FD18E5E1183A54F9005D2D41 /* TCFriendViewController.m */; };
		FD18E5E3183A54F9005D2D41 /* TCFriendViewController.m in Sources */ = {isa = PBXBuildFile; fileRef = FD18E5E1183A54F9005D2D41 /* TCFriendViewController.m */; };
		FD18E5EA183A5663005D2D41 /* TCUserNameView.m in Sources */ = {isa = PBXBuildFile; fileRef = FD18E5E9183A5663005D2D41 /* TCUserNameView.m */; };
		FD18E5EB183A5663005D2D41 /* TCUserNameView.m in Sources */ = {isa = PBXBuildFile; fileRef = FD18E5E9183A5663005D2D41 /* TCUserNameView.m */; };
		FD18E5EF183A5692005D2D41 /* TCPassWordView.m in Sources */ = {isa = PBXBuildFile; fileRef = FD18E5EE183A5692005D2D41 /* TCPassWordView.m */; };
		FD18E5F0183A5692005D2D41 /* TCPassWordView.m in Sources */ = {isa = PBXBuildFile; fileRef = FD18E5EE183A5692005D2D41 /* TCPassWordView.m */; };
		FD18E5F3183A56AB005D2D41 /* TCSignInButton.m in Sources */ = {isa = PBXBuildFile; fileRef = FD18E5F2183A56AB005D2D41 /* TCSignInButton.m */; };
		FD18E5F4183A56AB005D2D41 /* TCSignInButton.m in Sources */ = {isa = PBXBuildFile; fileRef = FD18E5F2183A56AB005D2D41 /* TCSignInButton.m */; };
		FD18E5F7183A56B7005D2D41 /* TCSignUpButton.m in Sources */ = {isa = PBXBuildFile; fileRef = FD18E5F6183A56B7005D2D41 /* TCSignUpButton.m */; };
		FD18E5F8183A56B7005D2D41 /* TCSignUpButton.m in Sources */ = {isa = PBXBuildFile; fileRef = FD18E5F6183A56B7005D2D41 /* TCSignUpButton.m */; };
		FD18E5FC183A58EE005D2D41 /* TCLoginTitleLable.m in Sources */ = {isa = PBXBuildFile; fileRef = FD18E5FB183A58EE005D2D41 /* TCLoginTitleLable.m */; };
		FD18E5FD183A58EE005D2D41 /* TCLoginTitleLable.m in Sources */ = {isa = PBXBuildFile; fileRef = FD18E5FB183A58EE005D2D41 /* TCLoginTitleLable.m */; };
		FD1FA2D9182A265E0047E8A2 /* Foundation.framework in Frameworks */ = {isa = PBXBuildFile; fileRef = FD1FA2D8182A265E0047E8A2 /* Foundation.framework */; };
		FD1FA2DB182A265E0047E8A2 /* CoreGraphics.framework in Frameworks */ = {isa = PBXBuildFile; fileRef = FD1FA2DA182A265E0047E8A2 /* CoreGraphics.framework */; };
		FD1FA2DD182A265E0047E8A2 /* UIKit.framework in Frameworks */ = {isa = PBXBuildFile; fileRef = FD1FA2DC182A265E0047E8A2 /* UIKit.framework */; };
		FD1FA2E3182A265E0047E8A2 /* InfoPlist.strings in Resources */ = {isa = PBXBuildFile; fileRef = FD1FA2E1182A265E0047E8A2 /* InfoPlist.strings */; };
		FD1FA2E5182A265E0047E8A2 /* main.m in Sources */ = {isa = PBXBuildFile; fileRef = FD1FA2E4182A265E0047E8A2 /* main.m */; };
		FD1FA2E9182A265E0047E8A2 /* TCAppDelegate.m in Sources */ = {isa = PBXBuildFile; fileRef = FD1FA2E8182A265E0047E8A2 /* TCAppDelegate.m */; };
		FD1FA2F4182A265E0047E8A2 /* Images.xcassets in Resources */ = {isa = PBXBuildFile; fileRef = FD1FA2F3182A265E0047E8A2 /* Images.xcassets */; };
		FD1FA2FB182A265E0047E8A2 /* XCTest.framework in Frameworks */ = {isa = PBXBuildFile; fileRef = FD1FA2FA182A265E0047E8A2 /* XCTest.framework */; };
		FD1FA2FC182A265E0047E8A2 /* Foundation.framework in Frameworks */ = {isa = PBXBuildFile; fileRef = FD1FA2D8182A265E0047E8A2 /* Foundation.framework */; };
		FD1FA2FD182A265E0047E8A2 /* UIKit.framework in Frameworks */ = {isa = PBXBuildFile; fileRef = FD1FA2DC182A265E0047E8A2 /* UIKit.framework */; };
		FD1FA305182A265E0047E8A2 /* InfoPlist.strings in Resources */ = {isa = PBXBuildFile; fileRef = FD1FA303182A265E0047E8A2 /* InfoPlist.strings */; };
		FD1FA307182A265E0047E8A2 /* timecapsuleTests.m in Sources */ = {isa = PBXBuildFile; fileRef = FD1FA306182A265E0047E8A2 /* timecapsuleTests.m */; };
		FD654D47183B452500D16344 /* TCTelePhoneView.m in Sources */ = {isa = PBXBuildFile; fileRef = FD654D46183B452500D16344 /* TCTelePhoneView.m */; };
		FD654D4B183B45C100D16344 /* TCConfirmButton.m in Sources */ = {isa = PBXBuildFile; fileRef = FD654D4A183B45C100D16344 /* TCConfirmButton.m */; };
		FD654D4C183B45C100D16344 /* TCConfirmButton.m in Sources */ = {isa = PBXBuildFile; fileRef = FD654D4A183B45C100D16344 /* TCConfirmButton.m */; };
		FD654D4F183B45D200D16344 /* TCCancelButton.m in Sources */ = {isa = PBXBuildFile; fileRef = FD654D4E183B45D200D16344 /* TCCancelButton.m */; };
		FD654D50183B45D200D16344 /* TCCancelButton.m in Sources */ = {isa = PBXBuildFile; fileRef = FD654D4E183B45D200D16344 /* TCCancelButton.m */; };
		FDBBE08E183A095E0075FA31 /* TCHomeViewController.m in Sources */ = {isa = PBXBuildFile; fileRef = FDBBE08D183A095E0075FA31 /* TCHomeViewController.m */; };
		FDBBE08F183A095E0075FA31 /* TCHomeViewController.m in Sources */ = {isa = PBXBuildFile; fileRef = FDBBE08D183A095E0075FA31 /* TCHomeViewController.m */; };
/* End PBXBuildFile section */

/* Begin PBXContainerItemProxy section */
		FD1FA2FE182A265E0047E8A2 /* PBXContainerItemProxy */ = {
			isa = PBXContainerItemProxy;
			containerPortal = FD1FA2CD182A265D0047E8A2 /* Project object */;
			proxyType = 1;
			remoteGlobalIDString = FD1FA2D4182A265E0047E8A2;
			remoteInfo = timecapsule;
		};
/* End PBXContainerItemProxy section */

/* Begin PBXFileReference section */
		9DD1FB92C88941D1A0300BAD /* libPods.a */ = {isa = PBXFileReference; explicitFileType = archive.ar; includeInIndex = 0; path = libPods.a; sourceTree = BUILT_PRODUCTS_DIR; };
		C916C0797BEC48A895C835C6 /* Pods.xcconfig */ = {isa = PBXFileReference; includeInIndex = 1; lastKnownFileType = text.xcconfig; name = Pods.xcconfig; path = Pods/Pods.xcconfig; sourceTree = "<group>"; };
		FD18E5B3183A1004005D2D41 /* TCGuideViewController.h */ = {isa = PBXFileReference; fileEncoding = 4; lastKnownFileType = sourcecode.c.h; path = TCGuideViewController.h; sourceTree = "<group>"; };
		FD18E5B4183A1004005D2D41 /* TCGuideViewController.m */ = {isa = PBXFileReference; fileEncoding = 4; lastKnownFileType = sourcecode.c.objc; path = TCGuideViewController.m; sourceTree = "<group>"; };
		FD18E5B9183A51A6005D2D41 /* TCLoginViewController.h */ = {isa = PBXFileReference; fileEncoding = 4; lastKnownFileType = sourcecode.c.h; path = TCLoginViewController.h; sourceTree = "<group>"; };
		FD18E5BA183A51A6005D2D41 /* TCLoginViewController.m */ = {isa = PBXFileReference; fileEncoding = 4; lastKnownFileType = sourcecode.c.objc; path = TCLoginViewController.m; sourceTree = "<group>"; };
		FD18E5BD183A51CA005D2D41 /* TCRegisterViewController.h */ = {isa = PBXFileReference; fileEncoding = 4; lastKnownFileType = sourcecode.c.h; path = TCRegisterViewController.h; sourceTree = "<group>"; };
		FD18E5BE183A51CA005D2D41 /* TCRegisterViewController.m */ = {isa = PBXFileReference; fileEncoding = 4; lastKnownFileType = sourcecode.c.objc; path = TCRegisterViewController.m; sourceTree = "<group>"; };
		FD18E5C2183A5217005D2D41 /* TCCapsuleViewController.h */ = {isa = PBXFileReference; fileEncoding = 4; lastKnownFileType = sourcecode.c.h; path = TCCapsuleViewController.h; sourceTree = "<group>"; };
		FD18E5C3183A5217005D2D41 /* TCCapsuleViewController.m */ = {isa = PBXFileReference; fileEncoding = 4; lastKnownFileType = sourcecode.c.objc; path = TCCapsuleViewController.m; sourceTree = "<group>"; };
		FD18E5CC183A54A6005D2D41 /* TCViewCapsuleViewController.h */ = {isa = PBXFileReference; fileEncoding = 4; lastKnownFileType = sourcecode.c.h; path = TCViewCapsuleViewController.h; sourceTree = "<group>"; };
		FD18E5CD183A54A6005D2D41 /* TCViewCapsuleViewController.m */ = {isa = PBXFileReference; fileEncoding = 4; lastKnownFileType = sourcecode.c.objc; path = TCViewCapsuleViewController.m; sourceTree = "<group>"; };
		FD18E5D0183A54B7005D2D41 /* TCChooseFriendViewController.h */ = {isa = PBXFileReference; fileEncoding = 4; lastKnownFileType = sourcecode.c.h; path = TCChooseFriendViewController.h; sourceTree = "<group>"; };
		FD18E5D1183A54B7005D2D41 /* TCChooseFriendViewController.m */ = {isa = PBXFileReference; fileEncoding = 4; lastKnownFileType = sourcecode.c.objc; path = TCChooseFriendViewController.m; sourceTree = "<group>"; };
		FD18E5D4183A54CC005D2D41 /* TCCapsuleMakerViewController.h */ = {isa = PBXFileReference; fileEncoding = 4; lastKnownFileType = sourcecode.c.h; path = TCCapsuleMakerViewController.h; sourceTree = "<group>"; };
		FD18E5D5183A54CC005D2D41 /* TCCapsuleMakerViewController.m */ = {isa = PBXFileReference; fileEncoding = 4; lastKnownFileType = sourcecode.c.objc; path = TCCapsuleMakerViewController.m; sourceTree = "<group>"; };
		FD18E5D8183A54D7005D2D41 /* TCSettingViewController.h */ = {isa = PBXFileReference; fileEncoding = 4; lastKnownFileType = sourcecode.c.h; path = TCSettingViewController.h; sourceTree = "<group>"; };
		FD18E5D9183A54D7005D2D41 /* TCSettingViewController.m */ = {isa = PBXFileReference; fileEncoding = 4; lastKnownFileType = sourcecode.c.objc; path = TCSettingViewController.m; sourceTree = "<group>"; };
		FD18E5DC183A54E3005D2D41 /* TCMyCapsuleViewController.h */ = {isa = PBXFileReference; fileEncoding = 4; lastKnownFileType = sourcecode.c.h; path = TCMyCapsuleViewController.h; sourceTree = "<group>"; };
		FD18E5DD183A54E3005D2D41 /* TCMyCapsuleViewController.m */ = {isa = PBXFileReference; fileEncoding = 4; lastKnownFileType = sourcecode.c.objc; path = TCMyCapsuleViewController.m; sourceTree = "<group>"; };
		FD18E5E0183A54F9005D2D41 /* TCFriendViewController.h */ = {isa = PBXFileReference; fileEncoding = 4; lastKnownFileType = sourcecode.c.h; path = TCFriendViewController.h; sourceTree = "<group>"; };
		FD18E5E1183A54F9005D2D41 /* TCFriendViewController.m */ = {isa = PBXFileReference; fileEncoding = 4; lastKnownFileType = sourcecode.c.objc; path = TCFriendViewController.m; sourceTree = "<group>"; };
		FD18E5E8183A5663005D2D41 /* TCUserNameView.h */ = {isa = PBXFileReference; fileEncoding = 4; lastKnownFileType = sourcecode.c.h; path = TCUserNameView.h; sourceTree = "<group>"; };
		FD18E5E9183A5663005D2D41 /* TCUserNameView.m */ = {isa = PBXFileReference; fileEncoding = 4; lastKnownFileType = sourcecode.c.objc; path = TCUserNameView.m; sourceTree = "<group>"; };
		FD18E5ED183A5692005D2D41 /* TCPassWordView.h */ = {isa = PBXFileReference; fileEncoding = 4; lastKnownFileType = sourcecode.c.h; path = TCPassWordView.h; sourceTree = "<group>"; };
		FD18E5EE183A5692005D2D41 /* TCPassWordView.m */ = {isa = PBXFileReference; fileEncoding = 4; lastKnownFileType = sourcecode.c.objc; path = TCPassWordView.m; sourceTree = "<group>"; };
		FD18E5F1183A56AB005D2D41 /* TCSignInButton.h */ = {isa = PBXFileReference; fileEncoding = 4; lastKnownFileType = sourcecode.c.h; path = TCSignInButton.h; sourceTree = "<group>"; };
		FD18E5F2183A56AB005D2D41 /* TCSignInButton.m */ = {isa = PBXFileReference; fileEncoding = 4; lastKnownFileType = sourcecode.c.objc; path = TCSignInButton.m; sourceTree = "<group>"; };
		FD18E5F5183A56B7005D2D41 /* TCSignUpButton.h */ = {isa = PBXFileReference; fileEncoding = 4; lastKnownFileType = sourcecode.c.h; path = TCSignUpButton.h; sourceTree = "<group>"; };
		FD18E5F6183A56B7005D2D41 /* TCSignUpButton.m */ = {isa = PBXFileReference; fileEncoding = 4; lastKnownFileType = sourcecode.c.objc; path = TCSignUpButton.m; sourceTree = "<group>"; };
		FD18E5FA183A58EE005D2D41 /* TCLoginTitleLable.h */ = {isa = PBXFileReference; fileEncoding = 4; lastKnownFileType = sourcecode.c.h; path = TCLoginTitleLable.h; sourceTree = "<group>"; };
		FD18E5FB183A58EE005D2D41 /* TCLoginTitleLable.m */ = {isa = PBXFileReference; fileEncoding = 4; lastKnownFileType = sourcecode.c.objc; path = TCLoginTitleLable.m; sourceTree = "<group>"; };
		FD1FA2D5182A265E0047E8A2 /* timecapsule.app */ = {isa = PBXFileReference; explicitFileType = wrapper.application; includeInIndex = 0; path = timecapsule.app; sourceTree = BUILT_PRODUCTS_DIR; };
		FD1FA2D8182A265E0047E8A2 /* Foundation.framework */ = {isa = PBXFileReference; lastKnownFileType = wrapper.framework; name = Foundation.framework; path = System/Library/Frameworks/Foundation.framework; sourceTree = SDKROOT; };
		FD1FA2DA182A265E0047E8A2 /* CoreGraphics.framework */ = {isa = PBXFileReference; lastKnownFileType = wrapper.framework; name = CoreGraphics.framework; path = System/Library/Frameworks/CoreGraphics.framework; sourceTree = SDKROOT; };
		FD1FA2DC182A265E0047E8A2 /* UIKit.framework */ = {isa = PBXFileReference; lastKnownFileType = wrapper.framework; name = UIKit.framework; path = System/Library/Frameworks/UIKit.framework; sourceTree = SDKROOT; };
		FD1FA2E0182A265E0047E8A2 /* timecapsule-Info.plist */ = {isa = PBXFileReference; lastKnownFileType = text.plist.xml; path = "timecapsule-Info.plist"; sourceTree = "<group>"; };
		FD1FA2E2182A265E0047E8A2 /* en */ = {isa = PBXFileReference; lastKnownFileType = text.plist.strings; name = en; path = en.lproj/InfoPlist.strings; sourceTree = "<group>"; };
		FD1FA2E4182A265E0047E8A2 /* main.m */ = {isa = PBXFileReference; lastKnownFileType = sourcecode.c.objc; path = main.m; sourceTree = "<group>"; };
		FD1FA2E6182A265E0047E8A2 /* timecapsule-Prefix.pch */ = {isa = PBXFileReference; lastKnownFileType = sourcecode.c.h; path = "timecapsule-Prefix.pch"; sourceTree = "<group>"; };
		FD1FA2E7182A265E0047E8A2 /* TCAppDelegate.h */ = {isa = PBXFileReference; lastKnownFileType = sourcecode.c.h; path = TCAppDelegate.h; sourceTree = "<group>"; };
		FD1FA2E8182A265E0047E8A2 /* TCAppDelegate.m */ = {isa = PBXFileReference; lastKnownFileType = sourcecode.c.objc; path = TCAppDelegate.m; sourceTree = "<group>"; };
		FD1FA2F3182A265E0047E8A2 /* Images.xcassets */ = {isa = PBXFileReference; lastKnownFileType = folder.assetcatalog; path = Images.xcassets; sourceTree = "<group>"; };
		FD1FA2F9182A265E0047E8A2 /* timecapsuleTests.xctest */ = {isa = PBXFileReference; explicitFileType = wrapper.cfbundle; includeInIndex = 0; path = timecapsuleTests.xctest; sourceTree = BUILT_PRODUCTS_DIR; };
		FD1FA2FA182A265E0047E8A2 /* XCTest.framework */ = {isa = PBXFileReference; lastKnownFileType = wrapper.framework; name = XCTest.framework; path = Library/Frameworks/XCTest.framework; sourceTree = DEVELOPER_DIR; };
		FD1FA302182A265E0047E8A2 /* timecapsuleTests-Info.plist */ = {isa = PBXFileReference; lastKnownFileType = text.plist.xml; path = "timecapsuleTests-Info.plist"; sourceTree = "<group>"; };
		FD1FA304182A265E0047E8A2 /* en */ = {isa = PBXFileReference; lastKnownFileType = text.plist.strings; name = en; path = en.lproj/InfoPlist.strings; sourceTree = "<group>"; };
		FD1FA306182A265E0047E8A2 /* timecapsuleTests.m */ = {isa = PBXFileReference; lastKnownFileType = sourcecode.c.objc; path = timecapsuleTests.m; sourceTree = "<group>"; };
		FD654D45183B452500D16344 /* TCTelePhoneView.h */ = {isa = PBXFileReference; fileEncoding = 4; lastKnownFileType = sourcecode.c.h; path = TCTelePhoneView.h; sourceTree = "<group>"; };
		FD654D46183B452500D16344 /* TCTelePhoneView.m */ = {isa = PBXFileReference; fileEncoding = 4; lastKnownFileType = sourcecode.c.objc; path = TCTelePhoneView.m; sourceTree = "<group>"; };
		FD654D49183B45C100D16344 /* TCConfirmButton.h */ = {isa = PBXFileReference; fileEncoding = 4; lastKnownFileType = sourcecode.c.h; path = TCConfirmButton.h; sourceTree = "<group>"; };
		FD654D4A183B45C100D16344 /* TCConfirmButton.m */ = {isa = PBXFileReference; fileEncoding = 4; lastKnownFileType = sourcecode.c.objc; path = TCConfirmButton.m; sourceTree = "<group>"; };
		FD654D4D183B45D200D16344 /* TCCancelButton.h */ = {isa = PBXFileReference; fileEncoding = 4; lastKnownFileType = sourcecode.c.h; path = TCCancelButton.h; sourceTree = "<group>"; };
		FD654D4E183B45D200D16344 /* TCCancelButton.m */ = {isa = PBXFileReference; fileEncoding = 4; lastKnownFileType = sourcecode.c.objc; path = TCCancelButton.m; sourceTree = "<group>"; };
		FDBBE08C183A095E0075FA31 /* TCHomeViewController.h */ = {isa = PBXFileReference; fileEncoding = 4; lastKnownFileType = sourcecode.c.h; path = TCHomeViewController.h; sourceTree = "<group>"; };
		FDBBE08D183A095E0075FA31 /* TCHomeViewController.m */ = {isa = PBXFileReference; fileEncoding = 4; lastKnownFileType = sourcecode.c.objc; path = TCHomeViewController.m; sourceTree = "<group>"; };
/* End PBXFileReference section */

/* Begin PBXFrameworksBuildPhase section */
		FD1FA2D2182A265E0047E8A2 /* Frameworks */ = {
			isa = PBXFrameworksBuildPhase;
			buildActionMask = 2147483647;
			files = (
				FD1FA2DB182A265E0047E8A2 /* CoreGraphics.framework in Frameworks */,
				FD1FA2DD182A265E0047E8A2 /* UIKit.framework in Frameworks */,
				FD1FA2D9182A265E0047E8A2 /* Foundation.framework in Frameworks */,
				B5A223139A374D96BA60751C /* libPods.a in Frameworks */,
			);
			runOnlyForDeploymentPostprocessing = 0;
		};
		FD1FA2F6182A265E0047E8A2 /* Frameworks */ = {
			isa = PBXFrameworksBuildPhase;
			buildActionMask = 2147483647;
			files = (
				FD1FA2FB182A265E0047E8A2 /* XCTest.framework in Frameworks */,
				FD1FA2FD182A265E0047E8A2 /* UIKit.framework in Frameworks */,
				FD1FA2FC182A265E0047E8A2 /* Foundation.framework in Frameworks */,
			);
			runOnlyForDeploymentPostprocessing = 0;
		};
/* End PBXFrameworksBuildPhase section */

/* Begin PBXGroup section */
		FD18E5B2183A0FC6005D2D41 /* Guide */ = {
			isa = PBXGroup;
			children = (
				FD18E5B3183A1004005D2D41 /* TCGuideViewController.h */,
				FD18E5B4183A1004005D2D41 /* TCGuideViewController.m */,
			);
			name = Guide;
			sourceTree = "<group>";
		};
		FD18E5B7183A5166005D2D41 /* Login */ = {
			isa = PBXGroup;
			children = (
				FD18E5E7183A563A005D2D41 /* SignUp */,
				FD18E5E6183A5628005D2D41 /* SignIn */,
				FD18E5B9183A51A6005D2D41 /* TCLoginViewController.h */,
				FD18E5BA183A51A6005D2D41 /* TCLoginViewController.m */,
			);
			name = Login;
			sourceTree = "<group>";
		};
		FD18E5B8183A517F005D2D41 /* Register */ = {
			isa = PBXGroup;
			children = (
				FD18E5BD183A51CA005D2D41 /* TCRegisterViewController.h */,
				FD18E5BE183A51CA005D2D41 /* TCRegisterViewController.m */,
			);
			name = Register;
			sourceTree = "<group>";
		};
		FD18E5C1183A51F3005D2D41 /* Capsule */ = {
			isa = PBXGroup;
			children = (
				FD18E5C2183A5217005D2D41 /* TCCapsuleViewController.h */,
				FD18E5C3183A5217005D2D41 /* TCCapsuleViewController.m */,
			);
			name = Capsule;
			sourceTree = "<group>";
		};
		FD18E5C6183A5236005D2D41 /* Friend */ = {
			isa = PBXGroup;
			children = (
				FD18E5E0183A54F9005D2D41 /* TCFriendViewController.h */,
				FD18E5E1183A54F9005D2D41 /* TCFriendViewController.m */,
			);
			name = Friend;
			sourceTree = "<group>";
		};
		FD18E5C7183A528F005D2D41 /* MyCapsule */ = {
			isa = PBXGroup;
			children = (
				FD18E5DC183A54E3005D2D41 /* TCMyCapsuleViewController.h */,
				FD18E5DD183A54E3005D2D41 /* TCMyCapsuleViewController.m */,
			);
			name = MyCapsule;
			sourceTree = "<group>";
		};
		FD18E5C8183A52A5005D2D41 /* Setting */ = {
			isa = PBXGroup;
			children = (
				FD18E5D8183A54D7005D2D41 /* TCSettingViewController.h */,
				FD18E5D9183A54D7005D2D41 /* TCSettingViewController.m */,
			);
			name = Setting;
			sourceTree = "<group>";
		};
		FD18E5C9183A52DA005D2D41 /* CapsuleMaker */ = {
			isa = PBXGroup;
			children = (
				FD18E5D4183A54CC005D2D41 /* TCCapsuleMakerViewController.h */,
				FD18E5D5183A54CC005D2D41 /* TCCapsuleMakerViewController.m */,
			);
			name = CapsuleMaker;
			sourceTree = "<group>";
		};
		FD18E5CA183A5336005D2D41 /* ChooseFriend */ = {
			isa = PBXGroup;
			children = (
				FD18E5D0183A54B7005D2D41 /* TCChooseFriendViewController.h */,
				FD18E5D1183A54B7005D2D41 /* TCChooseFriendViewController.m */,
			);
			name = ChooseFriend;
			sourceTree = "<group>";
		};
		FD18E5CB183A5343005D2D41 /* ViewCapsule */ = {
			isa = PBXGroup;
			children = (
				FD18E5CC183A54A6005D2D41 /* TCViewCapsuleViewController.h */,
				FD18E5CD183A54A6005D2D41 /* TCViewCapsuleViewController.m */,
			);
			name = ViewCapsule;
			sourceTree = "<group>";
		};
		FD18E5E4183A55F9005D2D41 /* UserName */ = {
			isa = PBXGroup;
			children = (
				FD18E5E8183A5663005D2D41 /* TCUserNameView.h */,
				FD18E5E9183A5663005D2D41 /* TCUserNameView.m */,
			);
			name = UserName;
			sourceTree = "<group>";
		};
		FD18E5E5183A5615005D2D41 /* Password */ = {
			isa = PBXGroup;
			children = (
				FD18E5ED183A5692005D2D41 /* TCPassWordView.h */,
				FD18E5EE183A5692005D2D41 /* TCPassWordView.m */,
			);
			name = Password;
			sourceTree = "<group>";
		};
		FD18E5E6183A5628005D2D41 /* SignIn */ = {
			isa = PBXGroup;
			children = (
				FD18E5F1183A56AB005D2D41 /* TCSignInButton.h */,
				FD18E5F2183A56AB005D2D41 /* TCSignInButton.m */,
			);
			name = SignIn;
			sourceTree = "<group>";
		};
		FD18E5E7183A563A005D2D41 /* SignUp */ = {
			isa = PBXGroup;
			children = (
				FD18E5F5183A56B7005D2D41 /* TCSignUpButton.h */,
				FD18E5F6183A56B7005D2D41 /* TCSignUpButton.m */,
			);
			name = SignUp;
			sourceTree = "<group>";
		};
		FD18E5F9183A58C2005D2D41 /* LoginTitle */ = {
			isa = PBXGroup;
			children = (
				FD18E5FA183A58EE005D2D41 /* TCLoginTitleLable.h */,
				FD18E5FB183A58EE005D2D41 /* TCLoginTitleLable.m */,
			);
			name = LoginTitle;
			sourceTree = "<group>";
		};
		FD1FA2CC182A265D0047E8A2 = {
			isa = PBXGroup;
			children = (
				FD1FA2DE182A265E0047E8A2 /* timecapsule */,
				FD1FA300182A265E0047E8A2 /* timecapsuleTests */,
				FD1FA2D7182A265E0047E8A2 /* Frameworks */,
				FD1FA2D6182A265E0047E8A2 /* Products */,
				C916C0797BEC48A895C835C6 /* Pods.xcconfig */,
			);
			sourceTree = "<group>";
		};
		FD1FA2D6182A265E0047E8A2 /* Products */ = {
			isa = PBXGroup;
			children = (
				FD1FA2D5182A265E0047E8A2 /* timecapsule.app */,
				FD1FA2F9182A265E0047E8A2 /* timecapsuleTests.xctest */,
			);
			name = Products;
			sourceTree = "<group>";
		};
		FD1FA2D7182A265E0047E8A2 /* Frameworks */ = {
			isa = PBXGroup;
			children = (
				FD1FA2D8182A265E0047E8A2 /* Foundation.framework */,
				FD1FA2DA182A265E0047E8A2 /* CoreGraphics.framework */,
				FD1FA2DC182A265E0047E8A2 /* UIKit.framework */,
				FD1FA2FA182A265E0047E8A2 /* XCTest.framework */,
				9DD1FB92C88941D1A0300BAD /* libPods.a */,
			);
			name = Frameworks;
			sourceTree = "<group>";
		};
		FD1FA2DE182A265E0047E8A2 /* timecapsule */ = {
			isa = PBXGroup;
			children = (
				FD1FA2E7182A265E0047E8A2 /* TCAppDelegate.h */,
				FD1FA2E8182A265E0047E8A2 /* TCAppDelegate.m */,
				FD654D48183B456000D16344 /* Component */,
				FD18E5CB183A5343005D2D41 /* ViewCapsule */,
				FD18E5CA183A5336005D2D41 /* ChooseFriend */,
				FD18E5C9183A52DA005D2D41 /* CapsuleMaker */,
				FD18E5C8183A52A5005D2D41 /* Setting */,
				FD18E5C7183A528F005D2D41 /* MyCapsule */,
				FD18E5B2183A0FC6005D2D41 /* Guide */,
				FD18E5B7183A5166005D2D41 /* Login */,
				FDBBE087183A08710075FA31 /* Home */,
				FD18E5B8183A517F005D2D41 /* Register */,
				FD18E5C6183A5236005D2D41 /* Friend */,
				FD18E5C1183A51F3005D2D41 /* Capsule */,
				FD1FA2F3182A265E0047E8A2 /* Images.xcassets */,
				FD1FA2DF182A265E0047E8A2 /* Supporting Files */,
			);
			path = timecapsule;
			sourceTree = "<group>";
		};
		FD1FA2DF182A265E0047E8A2 /* Supporting Files */ = {
			isa = PBXGroup;
			children = (
				FD1FA2E0182A265E0047E8A2 /* timecapsule-Info.plist */,
				FD1FA2E1182A265E0047E8A2 /* InfoPlist.strings */,
				FD1FA2E4182A265E0047E8A2 /* main.m */,
				FD1FA2E6182A265E0047E8A2 /* timecapsule-Prefix.pch */,
			);
			name = "Supporting Files";
			sourceTree = "<group>";
		};
		FD1FA300182A265E0047E8A2 /* timecapsuleTests */ = {
			isa = PBXGroup;
			children = (
				FD1FA306182A265E0047E8A2 /* timecapsuleTests.m */,
				FD1FA301182A265E0047E8A2 /* Supporting Files */,
			);
			path = timecapsuleTests;
			sourceTree = "<group>";
		};
		FD1FA301182A265E0047E8A2 /* Supporting Files */ = {
			isa = PBXGroup;
			children = (
				FD1FA302182A265E0047E8A2 /* timecapsuleTests-Info.plist */,
				FD1FA303182A265E0047E8A2 /* InfoPlist.strings */,
			);
			name = "Supporting Files";
			sourceTree = "<group>";
		};
		FD654D44183B44FC00D16344 /* Telephone */ = {
			isa = PBXGroup;
			children = (
				FD654D45183B452500D16344 /* TCTelePhoneView.h */,
				FD654D46183B452500D16344 /* TCTelePhoneView.m */,
			);
			name = Telephone;
			sourceTree = "<group>";
		};
		FD654D48183B456000D16344 /* Component */ = {
			isa = PBXGroup;
			children = (
				FD18E5F9183A58C2005D2D41 /* LoginTitle */,
				FD654D44183B44FC00D16344 /* Telephone */,
				FD18E5E5183A5615005D2D41 /* Password */,
				FD654D52183B45F000D16344 /* Cancel */,
				FD654D51183B45E500D16344 /* Confirm */,
				FD18E5E4183A55F9005D2D41 /* UserName */,
			);
			name = Component;
			sourceTree = "<group>";
		};
		FD654D51183B45E500D16344 /* Confirm */ = {
			isa = PBXGroup;
			children = (
				FD654D49183B45C100D16344 /* TCConfirmButton.h */,
				FD654D4A183B45C100D16344 /* TCConfirmButton.m */,
			);
			name = Confirm;
			sourceTree = "<group>";
		};
		FD654D52183B45F000D16344 /* Cancel */ = {
			isa = PBXGroup;
			children = (
				FD654D4D183B45D200D16344 /* TCCancelButton.h */,
				FD654D4E183B45D200D16344 /* TCCancelButton.m */,
			);
			name = Cancel;
			sourceTree = "<group>";
		};
		FDBBE087183A08710075FA31 /* Home */ = {
			isa = PBXGroup;
			children = (
				FDBBE08C183A095E0075FA31 /* TCHomeViewController.h */,
				FDBBE08D183A095E0075FA31 /* TCHomeViewController.m */,
			);
			name = Home;
			sourceTree = "<group>";
		};
/* End PBXGroup section */

/* Begin PBXNativeTarget section */
		FD1FA2D4182A265E0047E8A2 /* timecapsule */ = {
			isa = PBXNativeTarget;
			buildConfigurationList = FD1FA30A182A265E0047E8A2 /* Build configuration list for PBXNativeTarget "timecapsule" */;
			buildPhases = (
				CAF98E6F17D74D92A7D3431E /* Check Pods Manifest.lock */,
				FD1FA2D1182A265E0047E8A2 /* Sources */,
				FD1FA2D2182A265E0047E8A2 /* Frameworks */,
				FD1FA2D3182A265E0047E8A2 /* Resources */,
				C134CA5D02A34DF1A8C008BA /* Copy Pods Resources */,
			);
			buildRules = (
			);
			dependencies = (
			);
			name = timecapsule;
			productName = timecapsule;
			productReference = FD1FA2D5182A265E0047E8A2 /* timecapsule.app */;
			productType = "com.apple.product-type.application";
		};
		FD1FA2F8182A265E0047E8A2 /* timecapsuleTests */ = {
			isa = PBXNativeTarget;
			buildConfigurationList = FD1FA30D182A265E0047E8A2 /* Build configuration list for PBXNativeTarget "timecapsuleTests" */;
			buildPhases = (
				FD1FA2F5182A265E0047E8A2 /* Sources */,
				FD1FA2F6182A265E0047E8A2 /* Frameworks */,
				FD1FA2F7182A265E0047E8A2 /* Resources */,
			);
			buildRules = (
			);
			dependencies = (
				FD1FA2FF182A265E0047E8A2 /* PBXTargetDependency */,
			);
			name = timecapsuleTests;
			productName = timecapsuleTests;
			productReference = FD1FA2F9182A265E0047E8A2 /* timecapsuleTests.xctest */;
			productType = "com.apple.product-type.bundle.unit-test";
		};
/* End PBXNativeTarget section */

/* Begin PBXProject section */
		FD1FA2CD182A265D0047E8A2 /* Project object */ = {
			isa = PBXProject;
			attributes = {
				CLASSPREFIX = TC;
				LastUpgradeCheck = 0500;
				ORGANIZATIONNAME = com.dolphinux;
				TargetAttributes = {
					FD1FA2F8182A265E0047E8A2 = {
						TestTargetID = FD1FA2D4182A265E0047E8A2;
					};
				};
			};
			buildConfigurationList = FD1FA2D0182A265E0047E8A2 /* Build configuration list for PBXProject "timecapsule" */;
			compatibilityVersion = "Xcode 3.2";
			developmentRegion = English;
			hasScannedForEncodings = 0;
			knownRegions = (
				en,
				Base,
			);
			mainGroup = FD1FA2CC182A265D0047E8A2;
			productRefGroup = FD1FA2D6182A265E0047E8A2 /* Products */;
			projectDirPath = "";
			projectRoot = "";
			targets = (
				FD1FA2D4182A265E0047E8A2 /* timecapsule */,
				FD1FA2F8182A265E0047E8A2 /* timecapsuleTests */,
			);
		};
/* End PBXProject section */

/* Begin PBXResourcesBuildPhase section */
		FD1FA2D3182A265E0047E8A2 /* Resources */ = {
			isa = PBXResourcesBuildPhase;
			buildActionMask = 2147483647;
			files = (
				FD1FA2F4182A265E0047E8A2 /* Images.xcassets in Resources */,
				FD1FA2E3182A265E0047E8A2 /* InfoPlist.strings in Resources */,
			);
			runOnlyForDeploymentPostprocessing = 0;
		};
		FD1FA2F7182A265E0047E8A2 /* Resources */ = {
			isa = PBXResourcesBuildPhase;
			buildActionMask = 2147483647;
			files = (
				FD1FA305182A265E0047E8A2 /* InfoPlist.strings in Resources */,
			);
			runOnlyForDeploymentPostprocessing = 0;
		};
/* End PBXResourcesBuildPhase section */

/* Begin PBXShellScriptBuildPhase section */
		C134CA5D02A34DF1A8C008BA /* Copy Pods Resources */ = {
			isa = PBXShellScriptBuildPhase;
			buildActionMask = 2147483647;
			files = (
			);
			inputPaths = (
			);
			name = "Copy Pods Resources";
			outputPaths = (
			);
			runOnlyForDeploymentPostprocessing = 0;
			shellPath = /bin/sh;
			shellScript = "\"${SRCROOT}/Pods/Pods-resources.sh\"\n";
			showEnvVarsInLog = 0;
		};
		CAF98E6F17D74D92A7D3431E /* Check Pods Manifest.lock */ = {
			isa = PBXShellScriptBuildPhase;
			buildActionMask = 2147483647;
			files = (
			);
			inputPaths = (
			);
			name = "Check Pods Manifest.lock";
			outputPaths = (
			);
			runOnlyForDeploymentPostprocessing = 0;
			shellPath = /bin/sh;
			shellScript = "diff \"${PODS_ROOT}/../Podfile.lock\" \"${PODS_ROOT}/Manifest.lock\" > /dev/null\nif [[ $? != 0 ]] ; then\n    cat << EOM\nerror: The sandbox is not in sync with the Podfile.lock. Run 'pod install' or update your CocoaPods installation.\nEOM\n    exit 1\nfi\n";
			showEnvVarsInLog = 0;
		};
/* End PBXShellScriptBuildPhase section */

/* Begin PBXSourcesBuildPhase section */
		FD1FA2D1182A265E0047E8A2 /* Sources */ = {
			isa = PBXSourcesBuildPhase;
			buildActionMask = 2147483647;
			files = (
				FD18E5DA183A54D7005D2D41 /* TCSettingViewController.m in Sources */,
				FD654D4B183B45C100D16344 /* TCConfirmButton.m in Sources */,
				FD18E5EA183A5663005D2D41 /* TCUserNameView.m in Sources */,
				FDBBE08E183A095E0075FA31 /* TCHomeViewController.m in Sources */,
				FD1FA2E5182A265E0047E8A2 /* main.m in Sources */,
				FD18E5D6183A54CC005D2D41 /* TCCapsuleMakerViewController.m in Sources */,
				FD18E5EF183A5692005D2D41 /* TCPassWordView.m in Sources */,
				FD18E5F3183A56AB005D2D41 /* TCSignInButton.m in Sources */,
				FD18E5C4183A5217005D2D41 /* TCCapsuleViewController.m in Sources */,
				FD654D47183B452500D16344 /* TCTelePhoneView.m in Sources */,
				FD18E5BF183A51CA005D2D41 /* TCRegisterViewController.m in Sources */,
				FD654D4F183B45D200D16344 /* TCCancelButton.m in Sources */,
				FD18E5BB183A51A6005D2D41 /* TCLoginViewController.m in Sources */,
				FD18E5DE183A54E3005D2D41 /* TCMyCapsuleViewController.m in Sources */,
				FD18E5B5183A1004005D2D41 /* TCGuideViewController.m in Sources */,
				FD18E5F7183A56B7005D2D41 /* TCSignUpButton.m in Sources */,
				FD18E5CE183A54A6005D2D41 /* TCViewCapsuleViewController.m in Sources */,
				FD1FA2E9182A265E0047E8A2 /* TCAppDelegate.m in Sources */,
				FD18E5E2183A54F9005D2D41 /* TCFriendViewController.m in Sources */,
				FD18E5FC183A58EE005D2D41 /* TCLoginTitleLable.m in Sources */,
				FD18E5D2183A54B7005D2D41 /* TCChooseFriendViewController.m in Sources */,
			);
			runOnlyForDeploymentPostprocessing = 0;
		};
		FD1FA2F5182A265E0047E8A2 /* Sources */ = {
			isa = PBXSourcesBuildPhase;
			buildActionMask = 2147483647;
			files = (
				FD18E5FD183A58EE005D2D41 /* TCLoginTitleLable.m in Sources */,
				FD654D50183B45D200D16344 /* TCCancelButton.m in Sources */,
				FD18E5D3183A54B7005D2D41 /* TCChooseFriendViewController.m in Sources */,
				FD18E5E3183A54F9005D2D41 /* TCFriendViewController.m in Sources */,
				FD18E5F8183A56B7005D2D41 /* TCSignUpButton.m in Sources */,
				FD18E5F0183A5692005D2D41 /* TCPassWordView.m in Sources */,
				FDBBE08F183A095E0075FA31 /* TCHomeViewController.m in Sources */,
				FD18E5DB183A54D7005D2D41 /* TCSettingViewController.m in Sources */,
				FD18E5BC183A51A6005D2D41 /* TCLoginViewController.m in Sources */,
				FD18E5C0183A51CA005D2D41 /* TCRegisterViewController.m in Sources */,
				FD18E5D7183A54CC005D2D41 /* TCCapsuleMakerViewController.m in Sources */,
				FD18E5B6183A1004005D2D41 /* TCGuideViewController.m in Sources */,
				FD1FA307182A265E0047E8A2 /* timecapsuleTests.m in Sources */,
				FD18E5EB183A5663005D2D41 /* TCUserNameView.m in Sources */,
				FD18E5F4183A56AB005D2D41 /* TCSignInButton.m in Sources */,
				FD18E5DF183A54E3005D2D41 /* TCMyCapsuleViewController.m in Sources */,
				FD654D4C183B45C100D16344 /* TCConfirmButton.m in Sources */,
				FD18E5C5183A5217005D2D41 /* TCCapsuleViewController.m in Sources */,
				FD18E5CF183A54A6005D2D41 /* TCViewCapsuleViewController.m in Sources */,
			);
			runOnlyForDeploymentPostprocessing = 0;
		};
/* End PBXSourcesBuildPhase section */

/* Begin PBXTargetDependency section */
		FD1FA2FF182A265E0047E8A2 /* PBXTargetDependency */ = {
			isa = PBXTargetDependency;
			target = FD1FA2D4182A265E0047E8A2 /* timecapsule */;
			targetProxy = FD1FA2FE182A265E0047E8A2 /* PBXContainerItemProxy */;
		};
/* End PBXTargetDependency section */

/* Begin PBXVariantGroup section */
		FD1FA2E1182A265E0047E8A2 /* InfoPlist.strings */ = {
			isa = PBXVariantGroup;
			children = (
				FD1FA2E2182A265E0047E8A2 /* en */,
			);
			name = InfoPlist.strings;
			sourceTree = "<group>";
		};
		FD1FA303182A265E0047E8A2 /* InfoPlist.strings */ = {
			isa = PBXVariantGroup;
			children = (
				FD1FA304182A265E0047E8A2 /* en */,
			);
			name = InfoPlist.strings;
			sourceTree = "<group>";
		};
/* End PBXVariantGroup section */

/* Begin XCBuildConfiguration section */
		FD1FA308182A265E0047E8A2 /* Debug */ = {
			isa = XCBuildConfiguration;
			buildSettings = {
				ALWAYS_SEARCH_USER_PATHS = NO;
				ARCHS = "$(ARCHS_STANDARD_INCLUDING_64_BIT)";
				CLANG_CXX_LANGUAGE_STANDARD = "gnu++0x";
				CLANG_CXX_LIBRARY = "libc++";
				CLANG_ENABLE_MODULES = YES;
				CLANG_ENABLE_OBJC_ARC = YES;
				CLANG_WARN_BOOL_CONVERSION = YES;
				CLANG_WARN_CONSTANT_CONVERSION = YES;
				CLANG_WARN_DIRECT_OBJC_ISA_USAGE = YES_ERROR;
				CLANG_WARN_EMPTY_BODY = YES;
				CLANG_WARN_ENUM_CONVERSION = YES;
				CLANG_WARN_INT_CONVERSION = YES;
				CLANG_WARN_OBJC_ROOT_CLASS = YES_ERROR;
				CLANG_WARN__DUPLICATE_METHOD_MATCH = YES;
				"CODE_SIGN_IDENTITY[sdk=iphoneos*]" = "iPhone Developer";
				COPY_PHASE_STRIP = NO;
				GCC_C_LANGUAGE_STANDARD = gnu99;
				GCC_DYNAMIC_NO_PIC = NO;
				GCC_OPTIMIZATION_LEVEL = 0;
				GCC_PREPROCESSOR_DEFINITIONS = (
					"DEBUG=1",
					"$(inherited)",
				);
				GCC_SYMBOLS_PRIVATE_EXTERN = NO;
				GCC_WARN_64_TO_32_BIT_CONVERSION = YES;
				GCC_WARN_ABOUT_RETURN_TYPE = YES_ERROR;
				GCC_WARN_UNDECLARED_SELECTOR = YES;
				GCC_WARN_UNINITIALIZED_AUTOS = YES;
				GCC_WARN_UNUSED_FUNCTION = YES;
				GCC_WARN_UNUSED_VARIABLE = YES;
				IPHONEOS_DEPLOYMENT_TARGET = 7.0;
				ONLY_ACTIVE_ARCH = YES;
				SDKROOT = iphoneos;
			};
			name = Debug;
		};
		FD1FA309182A265E0047E8A2 /* Release */ = {
			isa = XCBuildConfiguration;
			buildSettings = {
				ALWAYS_SEARCH_USER_PATHS = NO;
				ARCHS = "$(ARCHS_STANDARD_INCLUDING_64_BIT)";
				CLANG_CXX_LANGUAGE_STANDARD = "gnu++0x";
				CLANG_CXX_LIBRARY = "libc++";
				CLANG_ENABLE_MODULES = YES;
				CLANG_ENABLE_OBJC_ARC = YES;
				CLANG_WARN_BOOL_CONVERSION = YES;
				CLANG_WARN_CONSTANT_CONVERSION = YES;
				CLANG_WARN_DIRECT_OBJC_ISA_USAGE = YES_ERROR;
				CLANG_WARN_EMPTY_BODY = YES;
				CLANG_WARN_ENUM_CONVERSION = YES;
				CLANG_WARN_INT_CONVERSION = YES;
				CLANG_WARN_OBJC_ROOT_CLASS = YES_ERROR;
				CLANG_WARN__DUPLICATE_METHOD_MATCH = YES;
				"CODE_SIGN_IDENTITY[sdk=iphoneos*]" = "iPhone Developer";
				COPY_PHASE_STRIP = YES;
				ENABLE_NS_ASSERTIONS = NO;
				GCC_C_LANGUAGE_STANDARD = gnu99;
				GCC_WARN_64_TO_32_BIT_CONVERSION = YES;
				GCC_WARN_ABOUT_RETURN_TYPE = YES_ERROR;
				GCC_WARN_UNDECLARED_SELECTOR = YES;
				GCC_WARN_UNINITIALIZED_AUTOS = YES;
				GCC_WARN_UNUSED_FUNCTION = YES;
				GCC_WARN_UNUSED_VARIABLE = YES;
				IPHONEOS_DEPLOYMENT_TARGET = 7.0;
				SDKROOT = iphoneos;
				VALIDATE_PRODUCT = YES;
			};
			name = Release;
		};
		FD1FA30B182A265E0047E8A2 /* Debug */ = {
			isa = XCBuildConfiguration;
			baseConfigurationReference = C916C0797BEC48A895C835C6 /* Pods.xcconfig */;
			buildSettings = {
				ASSETCATALOG_COMPILER_APPICON_NAME = AppIcon;
				ASSETCATALOG_COMPILER_LAUNCHIMAGE_NAME = LaunchImage;
				GCC_PRECOMPILE_PREFIX_HEADER = YES;
				GCC_PREFIX_HEADER = "timecapsule/timecapsule-Prefix.pch";
				INFOPLIST_FILE = "timecapsule/timecapsule-Info.plist";
				PRODUCT_NAME = "$(TARGET_NAME)";
				TARGETED_DEVICE_FAMILY = 1;
				WRAPPER_EXTENSION = app;
			};
			name = Debug;
		};
		FD1FA30C182A265E0047E8A2 /* Release */ = {
			isa = XCBuildConfiguration;
			baseConfigurationReference = C916C0797BEC48A895C835C6 /* Pods.xcconfig */;
			buildSettings = {
				ASSETCATALOG_COMPILER_APPICON_NAME = AppIcon;
				ASSETCATALOG_COMPILER_LAUNCHIMAGE_NAME = LaunchImage;
				GCC_PRECOMPILE_PREFIX_HEADER = YES;
				GCC_PREFIX_HEADER = "timecapsule/timecapsule-Prefix.pch";
				INFOPLIST_FILE = "timecapsule/timecapsule-Info.plist";
				PRODUCT_NAME = "$(TARGET_NAME)";
				TARGETED_DEVICE_FAMILY = 1;
				WRAPPER_EXTENSION = app;
			};
			name = Release;
		};
		FD1FA30E182A265E0047E8A2 /* Debug */ = {
			isa = XCBuildConfiguration;
			buildSettings = {
				ARCHS = "$(ARCHS_STANDARD_INCLUDING_64_BIT)";
				BUNDLE_LOADER = "$(BUILT_PRODUCTS_DIR)/timecapsule.app/timecapsule";
				FRAMEWORK_SEARCH_PATHS = (
					"$(SDKROOT)/Developer/Library/Frameworks",
					"$(inherited)",
					"$(DEVELOPER_FRAMEWORKS_DIR)",
				);
				GCC_PRECOMPILE_PREFIX_HEADER = YES;
				GCC_PREFIX_HEADER = "timecapsule/timecapsule-Prefix.pch";
				GCC_PREPROCESSOR_DEFINITIONS = (
					"DEBUG=1",
					"$(inherited)",
				);
				INFOPLIST_FILE = "timecapsuleTests/timecapsuleTests-Info.plist";
				PRODUCT_NAME = "$(TARGET_NAME)";
				TEST_HOST = "$(BUNDLE_LOADER)";
				WRAPPER_EXTENSION = xctest;
			};
			name = Debug;
		};
		FD1FA30F182A265E0047E8A2 /* Release */ = {
			isa = XCBuildConfiguration;
			buildSettings = {
				ARCHS = "$(ARCHS_STANDARD_INCLUDING_64_BIT)";
				BUNDLE_LOADER = "$(BUILT_PRODUCTS_DIR)/timecapsule.app/timecapsule";
				FRAMEWORK_SEARCH_PATHS = (
					"$(SDKROOT)/Developer/Library/Frameworks",
					"$(inherited)",
					"$(DEVELOPER_FRAMEWORKS_DIR)",
				);
				GCC_PRECOMPILE_PREFIX_HEADER = YES;
				GCC_PREFIX_HEADER = "timecapsule/timecapsule-Prefix.pch";
				INFOPLIST_FILE = "timecapsuleTests/timecapsuleTests-Info.plist";
				PRODUCT_NAME = "$(TARGET_NAME)";
				TEST_HOST = "$(BUNDLE_LOADER)";
				WRAPPER_EXTENSION = xctest;
			};
			name = Release;
		};
/* End XCBuildConfiguration section */

/* Begin XCConfigurationList section */
		FD1FA2D0182A265E0047E8A2 /* Build configuration list for PBXProject "timecapsule" */ = {
			isa = XCConfigurationList;
			buildConfigurations = (
				FD1FA308182A265E0047E8A2 /* Debug */,
				FD1FA309182A265E0047E8A2 /* Release */,
			);
			defaultConfigurationIsVisible = 0;
			defaultConfigurationName = Release;
		};
		FD1FA30A182A265E0047E8A2 /* Build configuration list for PBXNativeTarget "timecapsule" */ = {
			isa = XCConfigurationList;
			buildConfigurations = (
				FD1FA30B182A265E0047E8A2 /* Debug */,
				FD1FA30C182A265E0047E8A2 /* Release */,
			);
			defaultConfigurationIsVisible = 0;
			defaultConfigurationName = Release;
		};
		FD1FA30D182A265E0047E8A2 /* Build configuration list for PBXNativeTarget "timecapsuleTests" */ = {
			isa = XCConfigurationList;
			buildConfigurations = (
				FD1FA30E182A265E0047E8A2 /* Debug */,
				FD1FA30F182A265E0047E8A2 /* Release */,
			);
			defaultConfigurationIsVisible = 0;
			defaultConfigurationName = Release;
		};
/* End XCConfigurationList section */
	};
	rootObject = FD1FA2CD182A265D0047E8A2 /* Project object */;
}
